// !$*UTF8*$!
{
	archiveVersion = 1;
	classes = {
	};
	objectVersion = 55;
	objects = {

/* Begin PBXBuildFile section */
		34BA23AA271A8DAC00765209 /* AmplifySkeletonApp.swift in Sources */ = {isa = PBXBuildFile; fileRef = 34BA23A9271A8DAC00765209 /* AmplifySkeletonApp.swift */; };
		34BA23AE271A8DAE00765209 /* Assets.xcassets in Resources */ = {isa = PBXBuildFile; fileRef = 34BA23AD271A8DAE00765209 /* Assets.xcassets */; };
		34BA23B1271A8DAE00765209 /* Preview Assets.xcassets in Resources */ = {isa = PBXBuildFile; fileRef = 34BA23B0271A8DAE00765209 /* Preview Assets.xcassets */; };
		34BA23BA271A8F4100765209 /* ConfirmationView.swift in Sources */ = {isa = PBXBuildFile; fileRef = 34BA23B9271A8F4100765209 /* ConfirmationView.swift */; };
		34BA23CD271A909300765209 /* SessionView.swift in Sources */ = {isa = PBXBuildFile; fileRef = 34BA23CC271A909300765209 /* SessionView.swift */; };
		34BA23D0271A912C00765209 /* AWSCognitoAuthPlugin in Frameworks */ = {isa = PBXBuildFile; productRef = 34BA23CF271A912C00765209 /* AWSCognitoAuthPlugin */; };
		34BA23D2271A912C00765209 /* Amplify in Frameworks */ = {isa = PBXBuildFile; productRef = 34BA23D1271A912C00765209 /* Amplify */; };
		34BA23D4271A99F600765209 /* SessionManager.swift in Sources */ = {isa = PBXBuildFile; fileRef = 34BA23D3271A99F500765209 /* SessionManager.swift */; };
		34BA23DB271AA92C00765209 /* LoginViewModel.swift in Sources */ = {isa = PBXBuildFile; fileRef = 34BA23D7271AA92C00765209 /* LoginViewModel.swift */; };
		34BA23DC271AA92C00765209 /* LoginView.swift in Sources */ = {isa = PBXBuildFile; fileRef = 34BA23D9271AA92C00765209 /* LoginView.swift */; };
		34BA23DD271AA92C00765209 /* SignupView.swift in Sources */ = {isa = PBXBuildFile; fileRef = 34BA23DA271AA92C00765209 /* SignupView.swift */; };
		34BA23E0271AA9D200765209 /* View.swift in Sources */ = {isa = PBXBuildFile; fileRef = 34BA23DF271AA9D200765209 /* View.swift */; };
		34BA23E9271AB54800765209 /* PageTabView.swift in Sources */ = {isa = PBXBuildFile; fileRef = 34BA23E5271AB54800765209 /* PageTabView.swift */; };
		34BA23EA271AB54800765209 /* TabDetailsView.swift in Sources */ = {isa = PBXBuildFile; fileRef = 34BA23E6271AB54800765209 /* TabDetailsView.swift */; };
		34BA23EB271AB54800765209 /* BackgroundView.swift in Sources */ = {isa = PBXBuildFile; fileRef = 34BA23E7271AB54800765209 /* BackgroundView.swift */; };
		34BA23EC271AB54800765209 /* OnboardingView.swift in Sources */ = {isa = PBXBuildFile; fileRef = 34BA23E8271AB54800765209 /* OnboardingView.swift */; };
		38791AF60FE5812D30BB4A54 /* amplifyconfiguration.json in Resources */ = {isa = PBXBuildFile; fileRef = D548B54CD3C7E01CADD8091F /* amplifyconfiguration.json */; };
		641C207E0689440074E79FB3 /* awsconfiguration.json in Resources */ = {isa = PBXBuildFile; fileRef = E98BB46EEE6B062BE28912A8 /* awsconfiguration.json */; };
/* End PBXBuildFile section */

/* Begin PBXFileReference section */
		34BA23A6271A8DAC00765209 /* AmplifySkeleton.app */ = {isa = PBXFileReference; explicitFileType = wrapper.application; includeInIndex = 0; path = AmplifySkeleton.app; sourceTree = BUILT_PRODUCTS_DIR; };
		34BA23A9271A8DAC00765209 /* AmplifySkeletonApp.swift */ = {isa = PBXFileReference; lastKnownFileType = sourcecode.swift; path = AmplifySkeletonApp.swift; sourceTree = "<group>"; };
		34BA23AD271A8DAE00765209 /* Assets.xcassets */ = {isa = PBXFileReference; lastKnownFileType = folder.assetcatalog; path = Assets.xcassets; sourceTree = "<group>"; };
		34BA23B0271A8DAE00765209 /* Preview Assets.xcassets */ = {isa = PBXFileReference; lastKnownFileType = folder.assetcatalog; path = "Preview Assets.xcassets"; sourceTree = "<group>"; };
		34BA23B9271A8F4100765209 /* ConfirmationView.swift */ = {isa = PBXFileReference; lastKnownFileType = sourcecode.swift; path = ConfirmationView.swift; sourceTree = "<group>"; };
		34BA23CC271A909300765209 /* SessionView.swift */ = {isa = PBXFileReference; lastKnownFileType = sourcecode.swift; path = SessionView.swift; sourceTree = "<group>"; };
		34BA23D3271A99F500765209 /* SessionManager.swift */ = {isa = PBXFileReference; lastKnownFileType = sourcecode.swift; path = SessionManager.swift; sourceTree = "<group>"; };
		34BA23D7271AA92C00765209 /* LoginViewModel.swift */ = {isa = PBXFileReference; fileEncoding = 4; lastKnownFileType = sourcecode.swift; path = LoginViewModel.swift; sourceTree = "<group>"; };
		34BA23D9271AA92C00765209 /* LoginView.swift */ = {isa = PBXFileReference; fileEncoding = 4; lastKnownFileType = sourcecode.swift; path = LoginView.swift; sourceTree = "<group>"; };
		34BA23DA271AA92C00765209 /* SignupView.swift */ = {isa = PBXFileReference; fileEncoding = 4; lastKnownFileType = sourcecode.swift; path = SignupView.swift; sourceTree = "<group>"; };
		34BA23DF271AA9D200765209 /* View.swift */ = {isa = PBXFileReference; lastKnownFileType = sourcecode.swift; path = View.swift; sourceTree = "<group>"; };
		34BA23E5271AB54800765209 /* PageTabView.swift */ = {isa = PBXFileReference; fileEncoding = 4; lastKnownFileType = sourcecode.swift; path = PageTabView.swift; sourceTree = "<group>"; };
		34BA23E6271AB54800765209 /* TabDetailsView.swift */ = {isa = PBXFileReference; fileEncoding = 4; lastKnownFileType = sourcecode.swift; path = TabDetailsView.swift; sourceTree = "<group>"; };
		34BA23E7271AB54800765209 /* BackgroundView.swift */ = {isa = PBXFileReference; fileEncoding = 4; lastKnownFileType = sourcecode.swift; path = BackgroundView.swift; sourceTree = "<group>"; };
		34BA23E8271AB54800765209 /* OnboardingView.swift */ = {isa = PBXFileReference; fileEncoding = 4; lastKnownFileType = sourcecode.swift; path = OnboardingView.swift; sourceTree = "<group>"; };
		D548B54CD3C7E01CADD8091F /* amplifyconfiguration.json */ = {isa = PBXFileReference; explicitFileType = text.json; path = amplifyconfiguration.json; sourceTree = "<group>"; };
		E98BB46EEE6B062BE28912A8 /* awsconfiguration.json */ = {isa = PBXFileReference; explicitFileType = text.json; path = awsconfiguration.json; sourceTree = "<group>"; };
/* End PBXFileReference section */

/* Begin PBXFrameworksBuildPhase section */
		34BA23A3271A8DAC00765209 /* Frameworks */ = {
			isa = PBXFrameworksBuildPhase;
			buildActionMask = 2147483647;
			files = (
				34BA23D0271A912C00765209 /* AWSCognitoAuthPlugin in Frameworks */,
				34BA23D2271A912C00765209 /* Amplify in Frameworks */,
			);
			runOnlyForDeploymentPostprocessing = 0;
		};
/* End PBXFrameworksBuildPhase section */

/* Begin PBXGroup section */
		34BA239D271A8DAC00765209 = {
			isa = PBXGroup;
			children = (
				34BA23A8271A8DAC00765209 /* AmplifySkeleton */,
				34BA23A7271A8DAC00765209 /* Products */,
				DA9E60C4665520EAEA69736B /* AmplifyConfig */,
			);
			sourceTree = "<group>";
		};
		34BA23A7271A8DAC00765209 /* Products */ = {
			isa = PBXGroup;
			children = (
				34BA23A6271A8DAC00765209 /* AmplifySkeleton.app */,
			);
			name = Products;
			sourceTree = "<group>";
		};
		34BA23A8271A8DAC00765209 /* AmplifySkeleton */ = {
			isa = PBXGroup;
			children = (
				34BA23DE271AA9C300765209 /* Extensions */,
				34BA23BD271A8FFC00765209 /* Core */,
				34BA23A9271A8DAC00765209 /* AmplifySkeletonApp.swift */,
				34BA23D3271A99F500765209 /* SessionManager.swift */,
				34BA23AD271A8DAE00765209 /* Assets.xcassets */,
				34BA23AF271A8DAE00765209 /* Preview Content */,
			);
			path = AmplifySkeleton;
			sourceTree = "<group>";
		};
		34BA23AF271A8DAE00765209 /* Preview Content */ = {
			isa = PBXGroup;
			children = (
				34BA23B0271A8DAE00765209 /* Preview Assets.xcassets */,
			);
			path = "Preview Content";
			sourceTree = "<group>";
		};
		34BA23BD271A8FFC00765209 /* Core */ = {
			isa = PBXGroup;
			children = (
				34BA23E1271AB35600765209 /* Onboarding */,
				34BA23D5271AA92C00765209 /* Authentication */,
				34BA23C9271A908000765209 /* Session */,
			);
			path = Core;
			sourceTree = "<group>";
		};
		34BA23C9271A908000765209 /* Session */ = {
			isa = PBXGroup;
			children = (
				34BA23CA271A908600765209 /* Views */,
			);
			path = Session;
			sourceTree = "<group>";
		};
		34BA23CA271A908600765209 /* Views */ = {
			isa = PBXGroup;
			children = (
				34BA23CC271A909300765209 /* SessionView.swift */,
			);
			path = Views;
			sourceTree = "<group>";
		};
		34BA23D5271AA92C00765209 /* Authentication */ = {
			isa = PBXGroup;
			children = (
				34BA23D6271AA92C00765209 /* ViewModels */,
				34BA23D8271AA92C00765209 /* Views */,
			);
			path = Authentication;
			sourceTree = "<group>";
		};
		34BA23D6271AA92C00765209 /* ViewModels */ = {
			isa = PBXGroup;
			children = (
				34BA23D7271AA92C00765209 /* LoginViewModel.swift */,
			);
			path = ViewModels;
			sourceTree = "<group>";
		};
		34BA23D8271AA92C00765209 /* Views */ = {
			isa = PBXGroup;
			children = (
				34BA23B9271A8F4100765209 /* ConfirmationView.swift */,
				34BA23D9271AA92C00765209 /* LoginView.swift */,
				34BA23DA271AA92C00765209 /* SignupView.swift */,
			);
			path = Views;
			sourceTree = "<group>";
		};
		34BA23DE271AA9C300765209 /* Extensions */ = {
			isa = PBXGroup;
			children = (
				34BA23DF271AA9D200765209 /* View.swift */,
			);
			path = Extensions;
			sourceTree = "<group>";
		};
		34BA23E1271AB35600765209 /* Onboarding */ = {
			isa = PBXGroup;
			children = (
				34BA23E4271AB54800765209 /* Views */,
			);
			path = Onboarding;
			sourceTree = "<group>";
		};
		34BA23E4271AB54800765209 /* Views */ = {
			isa = PBXGroup;
			children = (
				34BA23E5271AB54800765209 /* PageTabView.swift */,
				34BA23E6271AB54800765209 /* TabDetailsView.swift */,
				34BA23E7271AB54800765209 /* BackgroundView.swift */,
				34BA23E8271AB54800765209 /* OnboardingView.swift */,
			);
			path = Views;
			sourceTree = "<group>";
		};
		DA9E60C4665520EAEA69736B /* AmplifyConfig */ = {
			isa = PBXGroup;
			children = (
				E98BB46EEE6B062BE28912A8 /* awsconfiguration.json */,
				D548B54CD3C7E01CADD8091F /* amplifyconfiguration.json */,
			);
			name = AmplifyConfig;
			sourceTree = "<group>";
		};
/* End PBXGroup section */

/* Begin PBXNativeTarget section */
		34BA23A5271A8DAC00765209 /* AmplifySkeleton */ = {
			isa = PBXNativeTarget;
			buildConfigurationList = 34BA23B4271A8DAE00765209 /* Build configuration list for PBXNativeTarget "AmplifySkeleton" */;
			buildPhases = (
				34BA23A2271A8DAC00765209 /* Sources */,
				34BA23A3271A8DAC00765209 /* Frameworks */,
				34BA23A4271A8DAC00765209 /* Resources */,
			);
			buildRules = (
			);
			dependencies = (
			);
			name = AmplifySkeleton;
			packageProductDependencies = (
				34BA23CF271A912C00765209 /* AWSCognitoAuthPlugin */,
				34BA23D1271A912C00765209 /* Amplify */,
			);
			productName = AmplifySkeleton;
			productReference = 34BA23A6271A8DAC00765209 /* AmplifySkeleton.app */;
			productType = "com.apple.product-type.application";
		};
/* End PBXNativeTarget section */

/* Begin PBXProject section */
		34BA239E271A8DAC00765209 /* Project object */ = {
			isa = PBXProject;
			attributes = {
				BuildIndependentTargetsInParallel = 1;
				LastSwiftUpdateCheck = 1300;
				LastUpgradeCheck = 1300;
				TargetAttributes = {
					34BA23A5271A8DAC00765209 = {
						CreatedOnToolsVersion = 13.0;
					};
				};
			};
			buildConfigurationList = 34BA23A1271A8DAC00765209 /* Build configuration list for PBXProject "AmplifySkeleton" */;
			compatibilityVersion = "Xcode 13.0";
			developmentRegion = en;
			hasScannedForEncodings = 0;
			knownRegions = (
				en,
				Base,
			);
			mainGroup = 34BA239D271A8DAC00765209;
			packageReferences = (
				34BA23CE271A912C00765209 /* XCRemoteSwiftPackageReference "amplify-ios" */,
			);
			productRefGroup = 34BA23A7271A8DAC00765209 /* Products */;
			projectDirPath = "";
			projectRoot = "";
			targets = (
				34BA23A5271A8DAC00765209 /* AmplifySkeleton */,
			);
		};
/* End PBXProject section */

/* Begin PBXResourcesBuildPhase section */
		34BA23A4271A8DAC00765209 /* Resources */ = {
			isa = PBXResourcesBuildPhase;
			buildActionMask = 2147483647;
			files = (
				34BA23B1271A8DAE00765209 /* Preview Assets.xcassets in Resources */,
				34BA23AE271A8DAE00765209 /* Assets.xcassets in Resources */,
				641C207E0689440074E79FB3 /* awsconfiguration.json in Resources */,
				38791AF60FE5812D30BB4A54 /* amplifyconfiguration.json in Resources */,
			);
			runOnlyForDeploymentPostprocessing = 0;
		};
/* End PBXResourcesBuildPhase section */

/* Begin PBXSourcesBuildPhase section */
		34BA23A2271A8DAC00765209 /* Sources */ = {
			isa = PBXSourcesBuildPhase;
			buildActionMask = 2147483647;
			files = (
				34BA23DD271AA92C00765209 /* SignupView.swift in Sources */,
				34BA23CD271A909300765209 /* SessionView.swift in Sources */,
				34BA23EA271AB54800765209 /* TabDetailsView.swift in Sources */,
				34BA23E0271AA9D200765209 /* View.swift in Sources */,
				34BA23BA271A8F4100765209 /* ConfirmationView.swift in Sources */,
				34BA23EB271AB54800765209 /* BackgroundView.swift in Sources */,
				34BA23AA271A8DAC00765209 /* AmplifySkeletonApp.swift in Sources */,
				34BA23D4271A99F600765209 /* SessionManager.swift in Sources */,
				34BA23E9271AB54800765209 /* PageTabView.swift in Sources */,
				34BA23DC271AA92C00765209 /* LoginView.swift in Sources */,
				34BA23EC271AB54800765209 /* OnboardingView.swift in Sources */,
				34BA23DB271AA92C00765209 /* LoginViewModel.swift in Sources */,
			);
			runOnlyForDeploymentPostprocessing = 0;
		};
/* End PBXSourcesBuildPhase section */

/* Begin XCBuildConfiguration section */
		34BA23B2271A8DAE00765209 /* Debug */ = {
			isa = XCBuildConfiguration;
			buildSettings = {
				ALWAYS_SEARCH_USER_PATHS = NO;
				CLANG_ANALYZER_NONNULL = YES;
				CLANG_ANALYZER_NUMBER_OBJECT_CONVERSION = YES_AGGRESSIVE;
				CLANG_CXX_LANGUAGE_STANDARD = "gnu++17";
				CLANG_CXX_LIBRARY = "libc++";
				CLANG_ENABLE_MODULES = YES;
				CLANG_ENABLE_OBJC_ARC = YES;
				CLANG_ENABLE_OBJC_WEAK = YES;
				CLANG_WARN_BLOCK_CAPTURE_AUTORELEASING = YES;
				CLANG_WARN_BOOL_CONVERSION = YES;
				CLANG_WARN_COMMA = YES;
				CLANG_WARN_CONSTANT_CONVERSION = YES;
				CLANG_WARN_DEPRECATED_OBJC_IMPLEMENTATIONS = YES;
				CLANG_WARN_DIRECT_OBJC_ISA_USAGE = YES_ERROR;
				CLANG_WARN_DOCUMENTATION_COMMENTS = YES;
				CLANG_WARN_EMPTY_BODY = YES;
				CLANG_WARN_ENUM_CONVERSION = YES;
				CLANG_WARN_INFINITE_RECURSION = YES;
				CLANG_WARN_INT_CONVERSION = YES;
				CLANG_WARN_NON_LITERAL_NULL_CONVERSION = YES;
				CLANG_WARN_OBJC_IMPLICIT_RETAIN_SELF = YES;
				CLANG_WARN_OBJC_LITERAL_CONVERSION = YES;
				CLANG_WARN_OBJC_ROOT_CLASS = YES_ERROR;
				CLANG_WARN_QUOTED_INCLUDE_IN_FRAMEWORK_HEADER = YES;
				CLANG_WARN_RANGE_LOOP_ANALYSIS = YES;
				CLANG_WARN_STRICT_PROTOTYPES = YES;
				CLANG_WARN_SUSPICIOUS_MOVE = YES;
				CLANG_WARN_UNGUARDED_AVAILABILITY = YES_AGGRESSIVE;
				CLANG_WARN_UNREACHABLE_CODE = YES;
				CLANG_WARN__DUPLICATE_METHOD_MATCH = YES;
				COPY_PHASE_STRIP = NO;
				DEBUG_INFORMATION_FORMAT = dwarf;
				ENABLE_STRICT_OBJC_MSGSEND = YES;
				ENABLE_TESTABILITY = YES;
				GCC_C_LANGUAGE_STANDARD = gnu11;
				GCC_DYNAMIC_NO_PIC = NO;
				GCC_NO_COMMON_BLOCKS = YES;
				GCC_OPTIMIZATION_LEVEL = 0;
				GCC_PREPROCESSOR_DEFINITIONS = (
					"DEBUG=1",
					"$(inherited)",
				);
				GCC_WARN_64_TO_32_BIT_CONVERSION = YES;
				GCC_WARN_ABOUT_RETURN_TYPE = YES_ERROR;
				GCC_WARN_UNDECLARED_SELECTOR = YES;
				GCC_WARN_UNINITIALIZED_AUTOS = YES_AGGRESSIVE;
				GCC_WARN_UNUSED_FUNCTION = YES;
				GCC_WARN_UNUSED_VARIABLE = YES;
				IPHONEOS_DEPLOYMENT_TARGET = 15.0;
				MTL_ENABLE_DEBUG_INFO = INCLUDE_SOURCE;
				MTL_FAST_MATH = YES;
				ONLY_ACTIVE_ARCH = YES;
				SDKROOT = iphoneos;
				SWIFT_ACTIVE_COMPILATION_CONDITIONS = DEBUG;
				SWIFT_OPTIMIZATION_LEVEL = "-Onone";
			};
			name = Debug;
		};
		34BA23B3271A8DAE00765209 /* Release */ = {
			isa = XCBuildConfiguration;
			buildSettings = {
				ALWAYS_SEARCH_USER_PATHS = NO;
				CLANG_ANALYZER_NONNULL = YES;
				CLANG_ANALYZER_NUMBER_OBJECT_CONVERSION = YES_AGGRESSIVE;
				CLANG_CXX_LANGUAGE_STANDARD = "gnu++17";
				CLANG_CXX_LIBRARY = "libc++";
				CLANG_ENABLE_MODULES = YES;
				CLANG_ENABLE_OBJC_ARC = YES;
				CLANG_ENABLE_OBJC_WEAK = YES;
				CLANG_WARN_BLOCK_CAPTURE_AUTORELEASING = YES;
				CLANG_WARN_BOOL_CONVERSION = YES;
				CLANG_WARN_COMMA = YES;
				CLANG_WARN_CONSTANT_CONVERSION = YES;
				CLANG_WARN_DEPRECATED_OBJC_IMPLEMENTATIONS = YES;
				CLANG_WARN_DIRECT_OBJC_ISA_USAGE = YES_ERROR;
				CLANG_WARN_DOCUMENTATION_COMMENTS = YES;
				CLANG_WARN_EMPTY_BODY = YES;
				CLANG_WARN_ENUM_CONVERSION = YES;
				CLANG_WARN_INFINITE_RECURSION = YES;
				CLANG_WARN_INT_CONVERSION = YES;
				CLANG_WARN_NON_LITERAL_NULL_CONVERSION = YES;
				CLANG_WARN_OBJC_IMPLICIT_RETAIN_SELF = YES;
				CLANG_WARN_OBJC_LITERAL_CONVERSION = YES;
				CLANG_WARN_OBJC_ROOT_CLASS = YES_ERROR;
				CLANG_WARN_QUOTED_INCLUDE_IN_FRAMEWORK_HEADER = YES;
				CLANG_WARN_RANGE_LOOP_ANALYSIS = YES;
				CLANG_WARN_STRICT_PROTOTYPES = YES;
				CLANG_WARN_SUSPICIOUS_MOVE = YES;
				CLANG_WARN_UNGUARDED_AVAILABILITY = YES_AGGRESSIVE;
				CLANG_WARN_UNREACHABLE_CODE = YES;
				CLANG_WARN__DUPLICATE_METHOD_MATCH = YES;
				COPY_PHASE_STRIP = NO;
				DEBUG_INFORMATION_FORMAT = "dwarf-with-dsym";
				ENABLE_NS_ASSERTIONS = NO;
				ENABLE_STRICT_OBJC_MSGSEND = YES;
				GCC_C_LANGUAGE_STANDARD = gnu11;
				GCC_NO_COMMON_BLOCKS = YES;
				GCC_WARN_64_TO_32_BIT_CONVERSION = YES;
				GCC_WARN_ABOUT_RETURN_TYPE = YES_ERROR;
				GCC_WARN_UNDECLARED_SELECTOR = YES;
				GCC_WARN_UNINITIALIZED_AUTOS = YES_AGGRESSIVE;
				GCC_WARN_UNUSED_FUNCTION = YES;
				GCC_WARN_UNUSED_VARIABLE = YES;
				IPHONEOS_DEPLOYMENT_TARGET = 15.0;
				MTL_ENABLE_DEBUG_INFO = NO;
				MTL_FAST_MATH = YES;
				SDKROOT = iphoneos;
				SWIFT_COMPILATION_MODE = wholemodule;
				SWIFT_OPTIMIZATION_LEVEL = "-O";
				VALIDATE_PRODUCT = YES;
			};
			name = Release;
		};
		34BA23B5271A8DAE00765209 /* Debug */ = {
			isa = XCBuildConfiguration;
			buildSettings = {
				ASSETCATALOG_COMPILER_APPICON_NAME = AppIcon;
				ASSETCATALOG_COMPILER_GLOBAL_ACCENT_COLOR_NAME = AccentColor;
				CODE_SIGN_STYLE = Automatic;
				CURRENT_PROJECT_VERSION = 1;
				DEVELOPMENT_ASSET_PATHS = "\"AmplifySkeleton/Preview Content\"";
				DEVELOPMENT_TEAM = T7FKXBRC5Q;
				ENABLE_PREVIEWS = YES;
				GENERATE_INFOPLIST_FILE = YES;
				INFOPLIST_KEY_UIApplicationSceneManifest_Generation = YES;
				INFOPLIST_KEY_UIApplicationSupportsIndirectInputEvents = YES;
				INFOPLIST_KEY_UILaunchScreen_Generation = YES;
				INFOPLIST_KEY_UISupportedInterfaceOrientations_iPad = "UIInterfaceOrientationPortrait UIInterfaceOrientationPortraitUpsideDown UIInterfaceOrientationLandscapeLeft UIInterfaceOrientationLandscapeRight";
				INFOPLIST_KEY_UISupportedInterfaceOrientations_iPhone = "UIInterfaceOrientationPortrait UIInterfaceOrientationLandscapeLeft UIInterfaceOrientationLandscapeRight";
				IPHONEOS_DEPLOYMENT_TARGET = 15.0;
				LD_RUNPATH_SEARCH_PATHS = (
					"$(inherited)",
					"@executable_path/Frameworks",
				);
				MARKETING_VERSION = 1.0;
				PRODUCT_BUNDLE_IDENTIFIER = enrique.AmplifySkeleton;
				PRODUCT_NAME = "$(TARGET_NAME)";
				SWIFT_EMIT_LOC_STRINGS = YES;
				SWIFT_VERSION = 5.0;
				TARGETED_DEVICE_FAMILY = "1,2";
			};
			name = Debug;
		};
		34BA23B6271A8DAE00765209 /* Release */ = {
			isa = XCBuildConfiguration;
			buildSettings = {
				ASSETCATALOG_COMPILER_APPICON_NAME = AppIcon;
				ASSETCATALOG_COMPILER_GLOBAL_ACCENT_COLOR_NAME = AccentColor;
				CODE_SIGN_STYLE = Automatic;
				CURRENT_PROJECT_VERSION = 1;
				DEVELOPMENT_ASSET_PATHS = "\"AmplifySkeleton/Preview Content\"";
				DEVELOPMENT_TEAM = T7FKXBRC5Q;
				ENABLE_PREVIEWS = YES;
				GENERATE_INFOPLIST_FILE = YES;
				INFOPLIST_KEY_UIApplicationSceneManifest_Generation = YES;
				INFOPLIST_KEY_UIApplicationSupportsIndirectInputEvents = YES;
				INFOPLIST_KEY_UILaunchScreen_Generation = YES;
				INFOPLIST_KEY_UISupportedInterfaceOrientations_iPad = "UIInterfaceOrientationPortrait UIInterfaceOrientationPortraitUpsideDown UIInterfaceOrientationLandscapeLeft UIInterfaceOrientationLandscapeRight";
				INFOPLIST_KEY_UISupportedInterfaceOrientations_iPhone = "UIInterfaceOrientationPortrait UIInterfaceOrientationLandscapeLeft UIInterfaceOrientationLandscapeRight";
				IPHONEOS_DEPLOYMENT_TARGET = 15.0;
				LD_RUNPATH_SEARCH_PATHS = (
					"$(inherited)",
					"@executable_path/Frameworks",
				);
				MARKETING_VERSION = 1.0;
				PRODUCT_BUNDLE_IDENTIFIER = enrique.AmplifySkeleton;
				PRODUCT_NAME = "$(TARGET_NAME)";
				SWIFT_EMIT_LOC_STRINGS = YES;
				SWIFT_VERSION = 5.0;
				TARGETED_DEVICE_FAMILY = "1,2";
			};
			name = Release;
		};
/* End XCBuildConfiguration section */

/* Begin XCConfigurationList section */
		34BA23A1271A8DAC00765209 /* Build configuration list for PBXProject "AmplifySkeleton" */ = {
			isa = XCConfigurationList;
			buildConfigurations = (
				34BA23B2271A8DAE00765209 /* Debug */,
				34BA23B3271A8DAE00765209 /* Release */,
			);
			defaultConfigurationIsVisible = 0;
			defaultConfigurationName = Release;
		};
		34BA23B4271A8DAE00765209 /* Build configuration list for PBXNativeTarget "AmplifySkeleton" */ = {
			isa = XCConfigurationList;
			buildConfigurations = (
				34BA23B5271A8DAE00765209 /* Debug */,
				34BA23B6271A8DAE00765209 /* Release */,
			);
			defaultConfigurationIsVisible = 0;
			defaultConfigurationName = Release;
		};
/* End XCConfigurationList section */

/* Begin XCRemoteSwiftPackageReference section */
		34BA23CE271A912C00765209 /* XCRemoteSwiftPackageReference "amplify-ios" */ = {
			isa = XCRemoteSwiftPackageReference;
			repositoryURL = "https://github.com/aws-amplify/amplify-ios";
			requirement = {
				kind = upToNextMajorVersion;
				minimumVersion = 1.0.0;
			};
		};
/* End XCRemoteSwiftPackageReference section */

/* Begin XCSwiftPackageProductDependency section */
		34BA23CF271A912C00765209 /* AWSCognitoAuthPlugin */ = {
			isa = XCSwiftPackageProductDependency;
			package = 34BA23CE271A912C00765209 /* XCRemoteSwiftPackageReference "amplify-ios" */;
			productName = AWSCognitoAuthPlugin;
		};
		34BA23D1271A912C00765209 /* Amplify */ = {
			isa = XCSwiftPackageProductDependency;
			package = 34BA23CE271A912C00765209 /* XCRemoteSwiftPackageReference "amplify-ios" */;
			productName = Amplify;
		};
/* End XCSwiftPackageProductDependency section */
	};
	rootObject = 34BA239E271A8DAC00765209 /* Project object */;
}
